{
  "name": "@idangib/childrenbudgetapi",
  "version": "1.0.0",
  "lockfileVersion": 3,
  "requires": true,
  "packages": {
    "": {
      "name": "@idangib/childrenbudgetapi",
      "version": "1.0.0",
      "hasInstallScript": true,
      "license": "ISC",
      "dependencies": {
        "@idangib/childrenbudget": "^1.0.3",
        "typescript": "^5.6.3"
      }
    },
    "node_modules/@idangib/childrenbudget": {
      "version": "1.0.3",
      "resolved": "https://npm.pkg.github.com/download/@idangib/childrenbudget/1.0.3/5c1e254fc584fdd86e8dd7637b601f025452d925",
      "integrity": "sha512-yNz+PpaSMZdAMO1bhIuV3BpzUBu4/TiFiOpfCmr8wMq2mh6zdJcI+PHXK773I1zNHt5DU4mAgV1eBOEOmO0rFQ==",
      "hasInstallScript": true,
      "dependencies": {
        "typescript": "^5.6.3"
      }
    },
    "node_modules/typescript": {
      "version": "5.6.3",
      "resolved": "https://registry.npmjs.org/typescript/-/typescript-5.6.3.tgz",
      "integrity": "sha512-hjcS1mhfuyi4WW8IWtjP7brDrG2cuDZukyrYrSauoXGNgx0S7zceP07adYkJycEr56BOUTNPzbInooiN3fn1qw==",
      "bin": {
        "tsc": "bin/tsc",
        "tsserver": "bin/tsserver"
      },
      "engines": {
        "node": ">=14.17"
      }
    }
  }
}
